
Microsoft Visual Studio Solution File, Format Version 12.00
# Visual Studio Version 17
VisualStudioVersion = 17.5.33516.290
MinimumVisualStudioVersion = 10.0.40219.1
Project("{FAE04EC0-301F-11D3-BF4B-00C04F79EFBC}") = "WindowsFormsApp1", "WindowsFormsApp1\WindowsFormsApp1.csproj", "{FA0C5C7D-9F0F-4DE2-8FF9-D1CD6BAB5D7C}"
EndProject
Global
	GlobalSection(SolutionConfigurationPlatforms) = preSolution
		Debug|Any CPU = Debug|Any CPU
		Release|Any CPU = Release|Any CPU
	EndGlobalSection
	GlobalSection(ProjectConfigurationPlatforms) = postSolution
		{FA0C5C7D-9F0F-4DE2-8FF9-D1CD6BAB5D7C}.Debug|Any CPU.ActiveCfg = Debug|Any CPU
		{FA0C5C7D-9F0F-4DE2-8FF9-D1CD6BAB5D7C}.Debug|Any CPU.Build.0 = Debug|Any CPU
		{FA0C5C7D-9F0F-4DE2-8FF9-D1CD6BAB5D7C}.Release|Any CPU.ActiveCfg = Release|Any CPU
		{FA0C5C7D-9F0F-4DE2-8FF9-D1CD6BAB5D7C}.Release|Any CPU.Build.0 = Release|Any CPU
	EndGlobalSection
	GlobalSection(SolutionProperties) = preSolution
		HideSolutionNode = FALSE
	EndGlobalSection
	GlobalSection(ExtensibilityGlobals) = postSolution
		SolutionGuid = {0A57969E-2875-4ECE-9599-A6F5C56812E8}
	EndGlobalSection
EndGlobal
